{
  "version": 4,
  "terraform_version": "0.12.18",
  "serial": 24,
  "lineage": "ca1729ad-2a44-dfb6-791a-75436480b84c",
  "outputs": {},
  "resources": [
    {
      "mode": "managed",
      "type": "google_compute_firewall",
      "name": "modified",
      "provider": "provider.google",
      "instances": [
        {
          "schema_version": 1,
          "attributes": {
            "allow": [
              {
                "ports": [
                  "80",
                  "8080",
                  "22"
                ],
                "protocol": "tcp"
              }
            ],
            "creation_timestamp": "2021-05-07T02:41:35.910-07:00",
            "deny": [],
            "description": "",
            "destination_ranges": [],
            "direction": "INGRESS",
            "disabled": false,
            "enable_logging": null,
            "id": "projects/playground-s-11-2976525d/global/firewalls/demo-firewall",
            "log_config": [],
            "name": "demo-firewall",
            "network": "https://www.googleapis.com/compute/v1/projects/playground-s-11-2976525d/global/networks/vpc-network",
            "priority": 1000,
            "project": "playground-s-11-2976525d",
            "self_link": "https://www.googleapis.com/compute/v1/projects/playground-s-11-2976525d/global/firewalls/demo-firewall",
            "source_ranges": [
              "0.0.0.0/0"
            ],
            "source_service_accounts": [],
            "source_tags": [],
            "target_service_accounts": [],
            "target_tags": [],
            "timeouts": null
          },
          "private": "eyJlMmJmYjczMC1lY2FhLTExZTYtOGY4OC0zNDM2M2JjN2M0YzAiOnsiY3JlYXRlIjoyNDAwMDAwMDAwMDAsImRlbGV0ZSI6MjQwMDAwMDAwMDAwLCJ1cGRhdGUiOjI0MDAwMDAwMDAwMH0sInNjaGVtYV92ZXJzaW9uIjoiMSJ9",
          "dependencies": [
            "google_compute_network.vpc_network"
          ]
        }
      ]
    },
    {
      "mode": "managed",
      "type": "google_compute_instance",
      "name": "t_instance",
      "provider": "provider.google",
      "instances": [
        {
          "schema_version": 6,
          "attributes": {
            "allow_stopping_for_update": null,
            "attached_disk": [],
            "boot_disk": [
              {
                "auto_delete": true,
                "device_name": "persistent-disk-0",
                "disk_encryption_key_raw": "",
                "disk_encryption_key_sha256": "",
                "initialize_params": [
                  {
                    "image": "https://www.googleapis.com/compute/v1/projects/ubuntu-os-cloud/global/images/ubuntu-2004-focal-v20210429",
                    "labels": {},
                    "size": 10,
                    "type": "pd-standard"
                  }
                ],
                "kms_key_self_link": "",
                "mode": "READ_WRITE",
                "source": "https://www.googleapis.com/compute/v1/projects/playground-s-11-2976525d/zones/us-central1-a/disks/t-instance"
              }
            ],
            "can_ip_forward": false,
            "confidential_instance_config": [],
            "cpu_platform": "Intel Haswell",
            "current_status": "RUNNING",
            "deletion_protection": false,
            "description": "",
            "desired_status": null,
            "enable_display": false,
            "guest_accelerator": [],
            "hostname": "",
            "id": "projects/playground-s-11-2976525d/zones/us-central1-a/instances/t-instance",
            "instance_id": "4292282356220867983",
            "label_fingerprint": "42WmSpB8rSM=",
            "labels": {},
            "machine_type": "e2-medium",
            "metadata": {},
            "metadata_fingerprint": "D39SwktAwjQ=",
            "metadata_startup_script": "#!/bin/bash\nsudo apt-get update -y\nsudo apt-get install apache2 -y\n",
            "min_cpu_platform": "",
            "name": "t-instance",
            "network_interface": [
              {
                "access_config": [
                  {
                    "nat_ip": "34.68.92.244",
                    "network_tier": "PREMIUM",
                    "public_ptr_domain_name": ""
                  }
                ],
                "alias_ip_range": [],
                "name": "nic0",
                "network": "https://www.googleapis.com/compute/v1/projects/playground-s-11-2976525d/global/networks/vpc-network",
                "network_ip": "10.2.0.2",
                "nic_type": "",
                "subnetwork": "https://www.googleapis.com/compute/v1/projects/playground-s-11-2976525d/regions/us-central1/subnetworks/demo-subnetwork",
                "subnetwork_project": "playground-s-11-2976525d"
              }
            ],
            "project": "playground-s-11-2976525d",
            "resource_policies": [],
            "scheduling": [
              {
                "automatic_restart": true,
                "min_node_cpus": 0,
                "node_affinities": [],
                "on_host_maintenance": "MIGRATE",
                "preemptible": false
              }
            ],
            "scratch_disk": [],
            "self_link": "https://www.googleapis.com/compute/v1/projects/playground-s-11-2976525d/zones/us-central1-a/instances/t-instance",
            "service_account": [],
            "shielded_instance_config": [
              {
                "enable_integrity_monitoring": true,
                "enable_secure_boot": false,
                "enable_vtpm": true
              }
            ],
            "tags": [
              "gcp"
            ],
            "tags_fingerprint": "d_Ud-EVsD8k=",
            "timeouts": null,
            "zone": "us-central1-a"
          },
          "private": "eyJlMmJmYjczMC1lY2FhLTExZTYtOGY4OC0zNDM2M2JjN2M0YzAiOnsiY3JlYXRlIjoxMjAwMDAwMDAwMDAwLCJkZWxldGUiOjEyMDAwMDAwMDAwMDAsInVwZGF0ZSI6MTIwMDAwMDAwMDAwMH0sInNjaGVtYV92ZXJzaW9uIjoiNiJ9",
          "dependencies": [
            "google_compute_network.vpc_network",
            "google_compute_subnetwork.test_subnetwork"
          ]
        }
      ]
    },
    {
      "mode": "managed",
      "type": "google_compute_network",
      "name": "vpc_network",
      "provider": "provider.google",
      "instances": [
        {
          "schema_version": 0,
          "attributes": {
            "auto_create_subnetworks": false,
            "delete_default_routes_on_create": false,
            "description": "",
            "gateway_ipv4": "",
            "id": "projects/playground-s-11-2976525d/global/networks/vpc-network",
            "mtu": 1500,
            "name": "vpc-network",
            "project": "playground-s-11-2976525d",
            "routing_mode": "REGIONAL",
            "self_link": "https://www.googleapis.com/compute/v1/projects/playground-s-11-2976525d/global/networks/vpc-network",
            "timeouts": null
          },
          "private": "eyJlMmJmYjczMC1lY2FhLTExZTYtOGY4OC0zNDM2M2JjN2M0YzAiOnsiY3JlYXRlIjoyNDAwMDAwMDAwMDAsImRlbGV0ZSI6MjQwMDAwMDAwMDAwLCJ1cGRhdGUiOjI0MDAwMDAwMDAwMH19"
        }
      ]
    },
    {
      "mode": "managed",
      "type": "google_compute_subnetwork",
      "name": "test_subnetwork",
      "provider": "provider.google",
      "instances": [
        {
          "schema_version": 0,
          "attributes": {
            "creation_timestamp": "2021-05-07T02:41:37.194-07:00",
            "description": "",
            "fingerprint": null,
            "gateway_address": "10.2.0.1",
            "id": "projects/playground-s-11-2976525d/regions/us-central1/subnetworks/demo-subnetwork",
            "ip_cidr_range": "10.2.0.0/16",
            "log_config": [],
            "name": "demo-subnetwork",
            "network": "https://www.googleapis.com/compute/v1/projects/playground-s-11-2976525d/global/networks/vpc-network",
            "private_ip_google_access": false,
            "private_ipv6_google_access": "DISABLE_GOOGLE_ACCESS",
            "project": "playground-s-11-2976525d",
            "region": "us-central1",
            "secondary_ip_range": [],
            "self_link": "https://www.googleapis.com/compute/v1/projects/playground-s-11-2976525d/regions/us-central1/subnetworks/demo-subnetwork",
            "timeouts": null
          },
          "private": "eyJlMmJmYjczMC1lY2FhLTExZTYtOGY4OC0zNDM2M2JjN2M0YzAiOnsiY3JlYXRlIjozNjAwMDAwMDAwMDAsImRlbGV0ZSI6MzYwMDAwMDAwMDAwLCJ1cGRhdGUiOjM2MDAwMDAwMDAwMH19",
          "dependencies": [
            "google_compute_network.vpc_network"
          ]
        }
      ]
    },
    {
      "mode": "managed",
      "type": "google_project_iam_custom_role",
      "name": "my-instance-role",
      "provider": "provider.google",
      "instances": [
        {
          "schema_version": 0,
          "attributes": {
            "deleted": false,
            "description": "my custom iam role",
            "id": "projects/playground-s-11-2976525d/roles/myInstanceRole",
            "name": "projects/playground-s-11-2976525d/roles/myInstanceRole",
            "permissions": [
              "cloudkms.cryptoKeyVersions.useToEncrypt",
              "storage.objects.create"
            ],
            "project": "playground-s-11-2976525d",
            "role_id": "myInstanceRole",
            "stage": "GA",
            "title": "My Instance Role"
          },
          "private": "bnVsbA=="
        }
      ]
    },
    {
      "mode": "managed",
      "type": "google_storage_bucket",
      "name": "mybucket",
      "provider": "provider.google",
      "instances": [
        {
          "schema_version": 0,
          "attributes": {
            "bucket_policy_only": false,
            "cors": [],
            "default_event_based_hold": false,
            "encryption": [],
            "force_destroy": false,
            "id": "sk14bucket",
            "labels": null,
            "lifecycle_rule": [],
            "location": "US",
            "logging": [],
            "name": "sk14bucket",
            "project": "playground-s-11-2976525d",
            "requester_pays": false,
            "retention_policy": [],
            "self_link": "https://www.googleapis.com/storage/v1/b/sk14bucket",
            "storage_class": "STANDARD",
            "uniform_bucket_level_access": false,
            "url": "gs://sk14bucket",
            "versioning": [],
            "website": []
          },
          "private": "bnVsbA=="
        }
      ]
    },
    {
      "mode": "managed",
      "type": "google_storage_bucket_object",
      "name": "index_html",
      "provider": "provider.google",
      "instances": [
        {
          "schema_version": 0,
          "attributes": {
            "bucket": "sk14bucket",
            "cache_control": "",
            "content": null,
            "content_disposition": "",
            "content_encoding": "",
            "content_language": "",
            "content_type": "text/plain; charset=utf-8",
            "crc32c": "wIuCcw==",
            "detect_md5hash": "fKslu5wgLg2V6rpZStdTRw==",
            "id": "sk14bucket-index_object",
            "kms_key_name": "",
            "md5hash": "fKslu5wgLg2V6rpZStdTRw==",
            "media_link": "https://storage.googleapis.com/download/storage/v1/b/sk14bucket/o/index_object?generation=1620380685122519\u0026alt=media",
            "metadata": null,
            "name": "index_object",
            "output_name": "index_object",
            "self_link": "https://www.googleapis.com/storage/v1/b/sk14bucket/o/index_object",
            "source": "/home/sauravk/T-demo/index.html",
            "storage_class": "STANDARD"
          },
          "private": "bnVsbA==",
          "dependencies": [
            "google_storage_bucket.mybucket"
          ]
        }
      ]
    }
  ]
}
